// !$*UTF8*$!
{
	archiveVersion = 1;
	classes = {
	};
	objectVersion = 46;
	objects = {

/* Begin PBXBuildFile section */
		5BC089221A846DEB00788D0E /* main.cpp in Sources */ = {isa = PBXBuildFile; fileRef = 5BC089211A846DEB00788D0E /* main.cpp */; };
/* End PBXBuildFile section */

/* Begin PBXCopyFilesBuildPhase section */
		5BC0891C1A846DEB00788D0E /* CopyFiles */ = {
			isa = PBXCopyFilesBuildPhase;
			buildActionMask = 2147483647;
			dstPath = /usr/share/man/man1/;
			dstSubfolderSpec = 0;
			files = (
			);
			runOnlyForDeploymentPostprocessing = 1;
		};
/* End PBXCopyFilesBuildPhase section */

/* Begin PBXFileReference section */
		01177F521A8BF7CF00BB57BA /* MergeSort.h */ = {isa = PBXFileReference; lastKnownFileType = sourcecode.c.h; name = MergeSort.h; path = Sorting/MergeSort.h; sourceTree = "<group>"; };
		01177F531A8BF7CF00BB57BA /* QuickSort.h */ = {isa = PBXFileReference; lastKnownFileType = sourcecode.c.h; name = QuickSort.h; path = Sorting/QuickSort.h; sourceTree = "<group>"; };
		01177F541A8BF83D00BB57BA /* ShellSort.h */ = {isa = PBXFileReference; lastKnownFileType = sourcecode.c.h; name = ShellSort.h; path = Sorting/ShellSort.h; sourceTree = "<group>"; };
		01177F551A8BF91500BB57BA /* SelectionSort.h */ = {isa = PBXFileReference; lastKnownFileType = sourcecode.c.h; name = SelectionSort.h; path = Sorting/SelectionSort.h; sourceTree = "<group>"; };
		01177F561A8BF95900BB57BA /* InsertionSort.h */ = {isa = PBXFileReference; lastKnownFileType = sourcecode.c.h; name = InsertionSort.h; path = Sorting/InsertionSort.h; sourceTree = "<group>"; };
		01177F571A8BF9A500BB57BA /* Shuffle.h */ = {isa = PBXFileReference; lastKnownFileType = sourcecode.c.h; name = Shuffle.h; path = Sorting/Shuffle.h; sourceTree = "<group>"; };
		01177F581A8C0D2B00BB57BA /* Select.h */ = {isa = PBXFileReference; lastKnownFileType = sourcecode.c.h; name = Select.h; path = Sorting/Select.h; sourceTree = "<group>"; };
		5BC0891E1A846DEB00788D0E /* Sorting */ = {isa = PBXFileReference; explicitFileType = "compiled.mach-o.executable"; includeInIndex = 0; path = Sorting; sourceTree = BUILT_PRODUCTS_DIR; };
		5BC089211A846DEB00788D0E /* main.cpp */ = {isa = PBXFileReference; lastKnownFileType = sourcecode.cpp.cpp; name = main.cpp; path = Sorting/main.cpp; sourceTree = "<group>"; };
/* End PBXFileReference section */

/* Begin PBXFrameworksBuildPhase section */
		5BC0891B1A846DEB00788D0E /* Frameworks */ = {
			isa = PBXFrameworksBuildPhase;
			buildActionMask = 2147483647;
			files = (
			);
			runOnlyForDeploymentPostprocessing = 0;
		};
/* End PBXFrameworksBuildPhase section */

/* Begin PBXGroup section */
		5BC089151A846DEB00788D0E = {
			isa = PBXGroup;
			children = (
				5BC089211A846DEB00788D0E /* main.cpp */,
				01177F571A8BF9A500BB57BA /* Shuffle.h */,
				01177F551A8BF91500BB57BA /* SelectionSort.h */,
				01177F561A8BF95900BB57BA /* InsertionSort.h */,
				01177F541A8BF83D00BB57BA /* ShellSort.h */,
				01177F521A8BF7CF00BB57BA /* MergeSort.h */,
				01177F531A8BF7CF00BB57BA /* QuickSort.h */,
				01177F581A8C0D2B00BB57BA /* Select.h */,
				5BC0891F1A846DEB00788D0E /* Products */,
			);
			sourceTree = "<group>";
		};
		5BC0891F1A846DEB00788D0E /* Products */ = {
			isa = PBXGroup;
			children = (
				5BC0891E1A846DEB00788D0E /* Sorting */,
			);
			name = Products;
			sourceTree = "<group>";
		};
/* End PBXGroup section */

/* Begin PBXNativeTarget section */
		5BC0891D1A846DEB00788D0E /* Sorting */ = {
			isa = PBXNativeTarget;
			buildConfigurationList = 5BC089251A846DEB00788D0E /* Build configuration list for PBXNativeTarget "Sorting" */;
			buildPhases = (
				5BC0891A1A846DEB00788D0E /* Sources */,
				5BC0891B1A846DEB00788D0E /* Frameworks */,
				5BC0891C1A846DEB00788D0E /* CopyFiles */,
			);
			buildRules = (
			);
			dependencies = (
			);
			name = Sorting;
			productName = Sorting;
			productReference = 5BC0891E1A846DEB00788D0E /* Sorting */;
			productType = "com.apple.product-type.tool";
		};
/* End PBXNativeTarget section */

/* Begin PBXProject section */
		5BC089161A846DEB00788D0E /* Project object */ = {
			isa = PBXProject;
			attributes = {
				LastUpgradeCheck = 0610;
				ORGANIZATIONNAME = "Martin Zenzerovich";
				TargetAttributes = {
					5BC0891D1A846DEB00788D0E = {
						CreatedOnToolsVersion = 6.1.1;
					};
				};
			};
			buildConfigurationList = 5BC089191A846DEB00788D0E /* Build configuration list for PBXProject "Sorting" */;
			compatibilityVersion = "Xcode 3.2";
			developmentRegion = English;
			hasScannedForEncodings = 0;
			knownRegions = (
				en,
			);
			mainGroup = 5BC089151A846DEB00788D0E;
			productRefGroup = 5BC0891F1A846DEB00788D0E /* Products */;
			projectDirPath = "";
			projectRoot = "";
			targets = (
				5BC0891D1A846DEB00788D0E /* Sorting */,
			);
		};
/* End PBXProject section */

/* Begin PBXSourcesBuildPhase section */
		5BC0891A1A846DEB00788D0E /* Sources */ = {
			isa = PBXSourcesBuildPhase;
			buildActionMask = 2147483647;
			files = (
				5BC089221A846DEB00788D0E /* main.cpp in Sources */,
			);
			runOnlyForDeploymentPostprocessing = 0;
		};
/* End PBXSourcesBuildPhase section */

/* Begin XCBuildConfiguration section */
		5BC089231A846DEB00788D0E /* Debug */ = {
			isa = XCBuildConfiguration;
			buildSettings = {
				ALWAYS_SEARCH_USER_PATHS = NO;
				CLANG_CXX_LANGUAGE_STANDARD = "gnu++0x";
				CLANG_CXX_LIBRARY = "libc++";
				CLANG_ENABLE_MODULES = YES;
				CLANG_ENABLE_OBJC_ARC = YES;
				CLANG_WARN_BOOL_CONVERSION = YES;
				CLANG_WARN_CONSTANT_CONVERSION = YES;
				CLANG_WARN_DIRECT_OBJC_ISA_USAGE = YES_ERROR;
				CLANG_WARN_EMPTY_BODY = YES;
				CLANG_WARN_ENUM_CONVERSION = YES;
				CLANG_WARN_INT_CONVERSION = YES;
				CLANG_WARN_OBJC_ROOT_CLASS = YES_ERROR;
				CLANG_WARN_UNREACHABLE_CODE = YES;
				CLANG_WARN__DUPLICATE_METHOD_MATCH = YES;
				COPY_PHASE_STRIP = NO;
				ENABLE_STRICT_OBJC_MSGSEND = YES;
				GCC_C_LANGUAGE_STANDARD = gnu99;
				GCC_DYNAMIC_NO_PIC = NO;
				GCC_OPTIMIZATION_LEVEL = 0;
				GCC_PREPROCESSOR_DEFINITIONS = (
					"DEBUG=1",
					"$(inherited)",
				);
				GCC_SYMBOLS_PRIVATE_EXTERN = NO;
				GCC_WARN_64_TO_32_BIT_CONVERSION = YES;
				GCC_WARN_ABOUT_RETURN_TYPE = YES_ERROR;
				GCC_WARN_UNDECLARED_SELECTOR = YES;
				GCC_WARN_UNINITIALIZED_AUTOS = YES_AGGRESSIVE;
				GCC_WARN_UNUSED_FUNCTION = YES;
				GCC_WARN_UNUSED_VARIABLE = YES;
				MACOSX_DEPLOYMENT_TARGET = 10.10;
				MTL_ENABLE_DEBUG_INFO = YES;
				ONLY_ACTIVE_ARCH = YES;
				SDKROOT = macosx;
			};
			name = Debug;
		};
		5BC089241A846DEB00788D0E /* Release */ = {
			isa = XCBuildConfiguration;
			buildSettings = {
				ALWAYS_SEARCH_USER_PATHS = NO;
				CLANG_CXX_LANGUAGE_STANDARD = "gnu++0x";
				CLANG_CXX_LIBRARY = "libc++";
				CLANG_ENABLE_MODULES = YES;
				CLANG_ENABLE_OBJC_ARC = YES;
				CLANG_WARN_BOOL_CONVERSION = YES;
				CLANG_WARN_CONSTANT_CONVERSION = YES;
				CLANG_WARN_DIRECT_OBJC_ISA_USAGE = YES_ERROR;
				CLANG_WARN_EMPTY_BODY = YES;
				CLANG_WARN_ENUM_CONVERSION = YES;
				CLANG_WARN_INT_CONVERSION = YES;
				CLANG_WARN_OBJC_ROOT_CLASS = YES_ERROR;
				CLANG_WARN_UNREACHABLE_CODE = YES;
				CLANG_WARN__DUPLICATE_METHOD_MATCH = YES;
				COPY_PHASE_STRIP = YES;
				DEBUG_INFORMATION_FORMAT = "dwarf-with-dsym";
				ENABLE_NS_ASSERTIONS = NO;
				ENABLE_STRICT_OBJC_MSGSEND = YES;
				GCC_C_LANGUAGE_STANDARD = gnu99;
				GCC_WARN_64_TO_32_BIT_CONVERSION = YES;
				GCC_WARN_ABOUT_RETURN_TYPE = YES_ERROR;
				GCC_WARN_UNDECLARED_SELECTOR = YES;
				GCC_WARN_UNINITIALIZED_AUTOS = YES_AGGRESSIVE;
				GCC_WARN_UNUSED_FUNCTION = YES;
				GCC_WARN_UNUSED_VARIABLE = YES;
				MACOSX_DEPLOYMENT_TARGET = 10.10;
				MTL_ENABLE_DEBUG_INFO = NO;
				SDKROOT = macosx;
			};
			name = Release;
		};
		5BC089261A846DEB00788D0E /* Debug */ = {
			isa = XCBuildConfiguration;
			buildSettings = {
				PRODUCT_NAME = "$(TARGET_NAME)";
			};
			name = Debug;
		};
		5BC089271A846DEB00788D0E /* Release */ = {
			isa = XCBuildConfiguration;
			buildSettings = {
				PRODUCT_NAME = "$(TARGET_NAME)";
			};
			name = Release;
		};
/* End XCBuildConfiguration section */

/* Begin XCConfigurationList section */
		5BC089191A846DEB00788D0E /* Build configuration list for PBXProject "Sorting" */ = {
			isa = XCConfigurationList;
			buildConfigurations = (
				5BC089231A846DEB00788D0E /* Debug */,
				5BC089241A846DEB00788D0E /* Release */,
			);
			defaultConfigurationIsVisible = 0;
			defaultConfigurationName = Release;
		};
		5BC089251A846DEB00788D0E /* Build configuration list for PBXNativeTarget "Sorting" */ = {
			isa = XCConfigurationList;
			buildConfigurations = (
				5BC089261A846DEB00788D0E /* Debug */,
				5BC089271A846DEB00788D0E /* Release */,
			);
			defaultConfigurationIsVisible = 0;
			defaultConfigurationName = Release;
		};
/* End XCConfigurationList section */
	};
	rootObject = 5BC089161A846DEB00788D0E /* Project object */;
}
