// !$*UTF8*$!
{
	archiveVersion = 1;
	classes = {
	};
	objectVersion = 46;
	objects = {

/* Begin PBXBuildFile section */
		01177F491A815CEE00BB57BA /* main.cpp in Sources */ = {isa = PBXBuildFile; fileRef = 01177F481A815CEE00BB57BA /* main.cpp */; };
		01177F501A8179BE00BB57BA /* UnionFind.cpp in Sources */ = {isa = PBXBuildFile; fileRef = 01177F4F1A8179BE00BB57BA /* UnionFind.cpp */; };
/* End PBXBuildFile section */

/* Begin PBXCopyFilesBuildPhase section */
		01177F431A815CEE00BB57BA /* CopyFiles */ = {
			isa = PBXCopyFilesBuildPhase;
			buildActionMask = 2147483647;
			dstPath = /usr/share/man/man1/;
			dstSubfolderSpec = 0;
			files = (
			);
			runOnlyForDeploymentPostprocessing = 1;
		};
/* End PBXCopyFilesBuildPhase section */

/* Begin PBXFileReference section */
		01177F451A815CEE00BB57BA /* UnionFind */ = {isa = PBXFileReference; explicitFileType = "compiled.mach-o.executable"; includeInIndex = 0; path = UnionFind; sourceTree = BUILT_PRODUCTS_DIR; };
		01177F481A815CEE00BB57BA /* main.cpp */ = {isa = PBXFileReference; lastKnownFileType = sourcecode.cpp.cpp; name = main.cpp; path = UnionFind/main.cpp; sourceTree = "<group>"; };
		01177F4F1A8179BE00BB57BA /* UnionFind.cpp */ = {isa = PBXFileReference; fileEncoding = 4; lastKnownFileType = sourcecode.cpp.cpp; name = UnionFind.cpp; path = UnionFind/UnionFind.cpp; sourceTree = "<group>"; };
		01177F511A8179FE00BB57BA /* UnionFind.h */ = {isa = PBXFileReference; lastKnownFileType = sourcecode.c.h; name = UnionFind.h; path = UnionFind/UnionFind.h; sourceTree = "<group>"; };
/* End PBXFileReference section */

/* Begin PBXFrameworksBuildPhase section */
		01177F421A815CEE00BB57BA /* Frameworks */ = {
			isa = PBXFrameworksBuildPhase;
			buildActionMask = 2147483647;
			files = (
			);
			runOnlyForDeploymentPostprocessing = 0;
		};
/* End PBXFrameworksBuildPhase section */

/* Begin PBXGroup section */
		01177F3C1A815CEE00BB57BA = {
			isa = PBXGroup;
			children = (
				01177F481A815CEE00BB57BA /* main.cpp */,
				01177F511A8179FE00BB57BA /* UnionFind.h */,
				01177F4F1A8179BE00BB57BA /* UnionFind.cpp */,
				01177F461A815CEE00BB57BA /* Products */,
			);
			sourceTree = "<group>";
		};
		01177F461A815CEE00BB57BA /* Products */ = {
			isa = PBXGroup;
			children = (
				01177F451A815CEE00BB57BA /* UnionFind */,
			);
			name = Products;
			sourceTree = "<group>";
		};
/* End PBXGroup section */

/* Begin PBXNativeTarget section */
		01177F441A815CEE00BB57BA /* UnionFind */ = {
			isa = PBXNativeTarget;
			buildConfigurationList = 01177F4C1A815CEE00BB57BA /* Build configuration list for PBXNativeTarget "UnionFind" */;
			buildPhases = (
				01177F411A815CEE00BB57BA /* Sources */,
				01177F421A815CEE00BB57BA /* Frameworks */,
				01177F431A815CEE00BB57BA /* CopyFiles */,
			);
			buildRules = (
			);
			dependencies = (
			);
			name = UnionFind;
			productName = UnionFind;
			productReference = 01177F451A815CEE00BB57BA /* UnionFind */;
			productType = "com.apple.product-type.tool";
		};
/* End PBXNativeTarget section */

/* Begin PBXProject section */
		01177F3D1A815CEE00BB57BA /* Project object */ = {
			isa = PBXProject;
			attributes = {
				LastUpgradeCheck = 0610;
				ORGANIZATIONNAME = "-";
				TargetAttributes = {
					01177F441A815CEE00BB57BA = {
						CreatedOnToolsVersion = 6.1.1;
					};
				};
			};
			buildConfigurationList = 01177F401A815CEE00BB57BA /* Build configuration list for PBXProject "UnionFind" */;
			compatibilityVersion = "Xcode 3.2";
			developmentRegion = English;
			hasScannedForEncodings = 0;
			knownRegions = (
				en,
			);
			mainGroup = 01177F3C1A815CEE00BB57BA;
			productRefGroup = 01177F461A815CEE00BB57BA /* Products */;
			projectDirPath = "";
			projectRoot = "";
			targets = (
				01177F441A815CEE00BB57BA /* UnionFind */,
			);
		};
/* End PBXProject section */

/* Begin PBXSourcesBuildPhase section */
		01177F411A815CEE00BB57BA /* Sources */ = {
			isa = PBXSourcesBuildPhase;
			buildActionMask = 2147483647;
			files = (
				01177F501A8179BE00BB57BA /* UnionFind.cpp in Sources */,
				01177F491A815CEE00BB57BA /* main.cpp in Sources */,
			);
			runOnlyForDeploymentPostprocessing = 0;
		};
/* End PBXSourcesBuildPhase section */

/* Begin XCBuildConfiguration section */
		01177F4A1A815CEE00BB57BA /* Debug */ = {
			isa = XCBuildConfiguration;
			buildSettings = {
				ALWAYS_SEARCH_USER_PATHS = NO;
				CLANG_CXX_LANGUAGE_STANDARD = "gnu++0x";
				CLANG_CXX_LIBRARY = "libc++";
				CLANG_ENABLE_MODULES = YES;
				CLANG_ENABLE_OBJC_ARC = YES;
				CLANG_WARN_BOOL_CONVERSION = YES;
				CLANG_WARN_CONSTANT_CONVERSION = YES;
				CLANG_WARN_DIRECT_OBJC_ISA_USAGE = YES_ERROR;
				CLANG_WARN_EMPTY_BODY = YES;
				CLANG_WARN_ENUM_CONVERSION = YES;
				CLANG_WARN_INT_CONVERSION = YES;
				CLANG_WARN_OBJC_ROOT_CLASS = YES_ERROR;
				CLANG_WARN_UNREACHABLE_CODE = YES;
				CLANG_WARN__DUPLICATE_METHOD_MATCH = YES;
				COPY_PHASE_STRIP = NO;
				ENABLE_STRICT_OBJC_MSGSEND = YES;
				GCC_C_LANGUAGE_STANDARD = gnu99;
				GCC_DYNAMIC_NO_PIC = NO;
				GCC_OPTIMIZATION_LEVEL = 0;
				GCC_PREPROCESSOR_DEFINITIONS = (
					"DEBUG=1",
					"$(inherited)",
				);
				GCC_SYMBOLS_PRIVATE_EXTERN = NO;
				GCC_WARN_64_TO_32_BIT_CONVERSION = YES;
				GCC_WARN_ABOUT_RETURN_TYPE = YES_ERROR;
				GCC_WARN_UNDECLARED_SELECTOR = YES;
				GCC_WARN_UNINITIALIZED_AUTOS = YES_AGGRESSIVE;
				GCC_WARN_UNUSED_FUNCTION = YES;
				GCC_WARN_UNUSED_VARIABLE = YES;
				MACOSX_DEPLOYMENT_TARGET = 10.10;
				MTL_ENABLE_DEBUG_INFO = YES;
				ONLY_ACTIVE_ARCH = YES;
				SDKROOT = macosx;
			};
			name = Debug;
		};
		01177F4B1A815CEE00BB57BA /* Release */ = {
			isa = XCBuildConfiguration;
			buildSettings = {
				ALWAYS_SEARCH_USER_PATHS = NO;
				CLANG_CXX_LANGUAGE_STANDARD = "gnu++0x";
				CLANG_CXX_LIBRARY = "libc++";
				CLANG_ENABLE_MODULES = YES;
				CLANG_ENABLE_OBJC_ARC = YES;
				CLANG_WARN_BOOL_CONVERSION = YES;
				CLANG_WARN_CONSTANT_CONVERSION = YES;
				CLANG_WARN_DIRECT_OBJC_ISA_USAGE = YES_ERROR;
				CLANG_WARN_EMPTY_BODY = YES;
				CLANG_WARN_ENUM_CONVERSION = YES;
				CLANG_WARN_INT_CONVERSION = YES;
				CLANG_WARN_OBJC_ROOT_CLASS = YES_ERROR;
				CLANG_WARN_UNREACHABLE_CODE = YES;
				CLANG_WARN__DUPLICATE_METHOD_MATCH = YES;
				COPY_PHASE_STRIP = YES;
				DEBUG_INFORMATION_FORMAT = "dwarf-with-dsym";
				ENABLE_NS_ASSERTIONS = NO;
				ENABLE_STRICT_OBJC_MSGSEND = YES;
				GCC_C_LANGUAGE_STANDARD = gnu99;
				GCC_WARN_64_TO_32_BIT_CONVERSION = YES;
				GCC_WARN_ABOUT_RETURN_TYPE = YES_ERROR;
				GCC_WARN_UNDECLARED_SELECTOR = YES;
				GCC_WARN_UNINITIALIZED_AUTOS = YES_AGGRESSIVE;
				GCC_WARN_UNUSED_FUNCTION = YES;
				GCC_WARN_UNUSED_VARIABLE = YES;
				MACOSX_DEPLOYMENT_TARGET = 10.10;
				MTL_ENABLE_DEBUG_INFO = NO;
				SDKROOT = macosx;
			};
			name = Release;
		};
		01177F4D1A815CEE00BB57BA /* Debug */ = {
			isa = XCBuildConfiguration;
			buildSettings = {
				PRODUCT_NAME = "$(TARGET_NAME)";
			};
			name = Debug;
		};
		01177F4E1A815CEE00BB57BA /* Release */ = {
			isa = XCBuildConfiguration;
			buildSettings = {
				PRODUCT_NAME = "$(TARGET_NAME)";
			};
			name = Release;
		};
/* End XCBuildConfiguration section */

/* Begin XCConfigurationList section */
		01177F401A815CEE00BB57BA /* Build configuration list for PBXProject "UnionFind" */ = {
			isa = XCConfigurationList;
			buildConfigurations = (
				01177F4A1A815CEE00BB57BA /* Debug */,
				01177F4B1A815CEE00BB57BA /* Release */,
			);
			defaultConfigurationIsVisible = 0;
			defaultConfigurationName = Release;
		};
		01177F4C1A815CEE00BB57BA /* Build configuration list for PBXNativeTarget "UnionFind" */ = {
			isa = XCConfigurationList;
			buildConfigurations = (
				01177F4D1A815CEE00BB57BA /* Debug */,
				01177F4E1A815CEE00BB57BA /* Release */,
			);
			defaultConfigurationIsVisible = 0;
			defaultConfigurationName = Release;
		};
/* End XCConfigurationList section */
	};
	rootObject = 01177F3D1A815CEE00BB57BA /* Project object */;
}
